version = 1
revision = 3
requires-python = ">=3.10"

[[package]]
name = "cmake"
version = "4.1.3"
source = { registry = "https://pypi.org/simple" }
sdist = { url = "https://files.pythonhosted.org/packages/f2/17/f8f42ae205604319cc36f46d9929bd9bfbd83d3d02d6314c44fa97c42006/cmake-4.1.3.tar.gz", hash = "sha256:89f48ddc2570eb62447e33311cffc6dfeb09631bd0a19423d8a59cec8af030f1", size = 34998, upload-time = "2025-11-19T22:41:27.312Z" }
wheels = [
    { url = "https://files.pythonhosted.org/packages/24/79/1bf4009d7ef16d62e0b92ddb78efeda830ca5903149abf9dc01d270c3d4e/cmake-4.1.3-py3-none-macosx_10_10_universal2.whl", hash = "sha256:3b6b25ce8fecc768881b36a1dfbca0013adac10a299c73e24cf4cbb99e4c37d6", size = 49246088, upload-time = "2025-11-19T22:40:28.02Z" },
    { url = "https://files.pythonhosted.org/packages/4d/9d/14e076406388efa2bbea2366ec0bbe85e2536787ebbb374dda792f068222/cmake-4.1.3-py3-none-manylinux2014_aarch64.manylinux_2_17_aarch64.whl", hash = "sha256:3893eb9c20d8a8bac3d951bbef9a4ce9d5495cd35a08b4e08d76215f5ead5897", size = 30381441, upload-time = "2025-11-19T22:40:31.55Z" },
    { url = "https://files.pythonhosted.org/packages/f7/9e/0f7216dfef03f1cbac0cdf4685da6994559f5ede3452e563335a35d6a6cb/cmake-4.1.3-py3-none-manylinux2014_i686.manylinux_2_17_i686.whl", hash = "sha256:487faf892ff5e05084c6a7f229dd9e568d0542b88487386acb42f0cb2f6634b6", size = 30781002, upload-time = "2025-11-19T22:40:35.325Z" },
    { url = "https://files.pythonhosted.org/packages/e5/2e/69d9b1eee7b7c68e9ce53f8449e372151b4967c223ecd43c7083a4dece8d/cmake-4.1.3-py3-none-manylinux2014_ppc64le.manylinux_2_17_ppc64le.whl", hash = "sha256:3dbddc52f839df0ebc1c6b6915bd78d63d0805137c6f419fbddd587404276c28", size = 32613762, upload-time = "2025-11-19T22:40:39.488Z" },
    { url = "https://files.pythonhosted.org/packages/2a/9b/deac4d6f8cf4adcaa61d7f16d1ec42d41d471bf330ffcdac4d29c83e46a3/cmake-4.1.3-py3-none-manylinux2014_s390x.manylinux_2_17_s390x.whl", hash = "sha256:b42e99eb6e976f455f29283dd7583270d611b55c7687b5fe8d022d9ae7c95de5", size = 28577197, upload-time = "2025-11-19T22:40:42.517Z" },
    { url = "https://files.pythonhosted.org/packages/e0/6c/323c40671c6f1b3e02bb4a7404fbe2bf653190a56e63cf4b6a4f06e876bc/cmake-4.1.3-py3-none-manylinux2014_x86_64.manylinux_2_17_x86_64.whl", hash = "sha256:81f11b72bc59cbe547d9f283487ef0519bf68176edffcdfa1a4dc5a52f292369", size = 29690899, upload-time = "2025-11-19T22:40:45.363Z" },
    { url = "https://files.pythonhosted.org/packages/19/a3/ab7866f55ee11a07aa446ee31b91b8f337f1b702b9546fc7b18e23d0566f/cmake-4.1.3-py3-none-manylinux_2_31_armv7l.whl", hash = "sha256:fd633c4395b1522caedf0b64034d1a48ea0e483f19e9c2985d14ee7152b21593", size = 26522320, upload-time = "2025-11-19T22:40:48.463Z" },
    { url = "https://files.pythonhosted.org/packages/db/21/a99ed3f1192c85d6d565e61c0cd0161f8046afcf0b0951e6492be632f2f2/cmake-4.1.3-py3-none-manylinux_2_35_riscv64.whl", hash = "sha256:ea40a64b8027f2b7fb1684312a2f170e4d0904b7a4f123cd96e7290103bb1ed4", size = 28869263, upload-time = "2025-11-19T22:40:51.618Z" },
    { url = "https://files.pythonhosted.org/packages/13/66/3c32bb2d5e72f00a0861066b29cc6981cbffcf9786f7339317f151a4d4be/cmake-4.1.3-py3-none-musllinux_1_2_aarch64.whl", hash = "sha256:e3782d5f82e8960290e50747b1fb5ff8396363a656ad5716a3aedc77334ca94f", size = 41751469, upload-time = "2025-11-19T22:40:54.75Z" },
    { url = "https://files.pythonhosted.org/packages/05/60/922c05d62ba5b422afd211966877673ddceb634e95552893bf9a11cc4e58/cmake-4.1.3-py3-none-musllinux_1_2_armv7l.whl", hash = "sha256:44b011b8374aac8f3d7a7fb319b3c25d54c2fd9342d94a855ae3a64240efe828", size = 35040544, upload-time = "2025-11-19T22:40:57.669Z" },
    { url = "https://files.pythonhosted.org/packages/71/ae/957336b0489f7d3050cd19010585d4ab5ebcdef485292b9baee68ebbeccf/cmake-4.1.3-py3-none-musllinux_1_2_i686.whl", hash = "sha256:1f29e924fd6d1a4f2f731eb743cc687b82063f73f15f0b4fb8e2b8a8211faba8", size = 45811680, upload-time = "2025-11-19T22:41:01.124Z" },
    { url = "https://files.pythonhosted.org/packages/85/0d/41e2ac694b156b249bfaccec071897c46b21deeb4db1ec51d949e7843f4b/cmake-4.1.3-py3-none-musllinux_1_2_ppc64le.whl", hash = "sha256:466cdce904392f18b201471a3a6429cc12b4d98a166faa3ee0ad4461f3043083", size = 45859079, upload-time = "2025-11-19T22:41:04.694Z" },
    { url = "https://files.pythonhosted.org/packages/dd/d4/42ca38f001b1f1327c19734e4c0080557a7991db832aacfe4b193ba7743a/cmake-4.1.3-py3-none-musllinux_1_2_riscv64.whl", hash = "sha256:d37db26f98ac26f0858cf6a30157a4be83b29cb195afeb640b355b097f1d94d7", size = 39946757, upload-time = "2025-11-19T22:41:08.082Z" },
    { url = "https://files.pythonhosted.org/packages/73/ab/a3965bfce6376894c76e17af095b0e360a9e1a1719e3df1e244ea6d6d893/cmake-4.1.3-py3-none-musllinux_1_2_s390x.whl", hash = "sha256:18e1e2b7b226763017521ba8721c74d1a2a3cd7d1ec8e889b0b869d4e939370b", size = 44016695, upload-time = "2025-11-19T22:41:11.84Z" },
    { url = "https://files.pythonhosted.org/packages/a4/66/fa0e8d3c66459a616f0baf9d22933e14137c259f4b62f0dad9c3723cf42d/cmake-4.1.3-py3-none-musllinux_1_2_x86_64.whl", hash = "sha256:6966746b25d1e9c8d32c731452e220e84331b5133544f710b21bd228a93812ca", size = 43357408, upload-time = "2025-11-19T22:41:15.302Z" },
    { url = "https://files.pythonhosted.org/packages/6e/8f/5c43c6465af62bb16159de113438365c789c5a69261dad36746aa1ec74b8/cmake-4.1.3-py3-none-win32.whl", hash = "sha256:b1c890af27bb548d0a2c0e1affc81ad180fc17d8dfa9545e0658153446fe7db4", size = 34268275, upload-time = "2025-11-19T22:41:18.733Z" },
    { url = "https://files.pythonhosted.org/packages/c1/51/2bc56a4d8d9c2680913f1a7e0b7a33e48100f336df91176b74dda6dff8b3/cmake-4.1.3-py3-none-win_amd64.whl", hash = "sha256:fd5a2ea9a38c6109036d8c912a7db4df2de241cfbc00b7424ae246494387da80", size = 37545974, upload-time = "2025-11-19T22:41:21.85Z" },
    { url = "https://files.pythonhosted.org/packages/36/a5/ec213d5c228ab7a205abeb51cc23aa1be9b586041c40cdccc157c325822a/cmake-4.1.3-py3-none-win_arm64.whl", hash = "sha256:79bd8f92a3385cc6641949b0274cd10ee9a4f45a2c13840121b68b2e90b5af3a", size = 36337597, upload-time = "2025-11-19T22:41:24.968Z" },
]

[[package]]
name = "mfo"
version = "0.1.0"
source = { virtual = "." }
dependencies = [
    { name = "cmake" },
]

[package.metadata]
requires-dist = [{ name = "cmake", specifier = ">=4.1.3" }]
